Microsoft Visual Studio Solution File, Format Version 12.00
# Visual Studio Version 17
VisualStudioVersion = 17.5.2.0
MinimumVisualStudioVersion = 10.0.40219.1
Project("{FAE04EC0-301F-11D3-BF4B-00C04F79EFBC}") = "SkillbarCapture", "SkillbarCapture.csproj", "{81453329-C90F-9A24-7F2D-F5672BB88B87}"
EndProject
Global
	GlobalSection(SolutionConfigurationPlatforms) = preSolution
		Debug|Any CPU = Debug|Any CPU
		Release|Any CPU = Release|Any CPU
	EndGlobalSection
	GlobalSection(ProjectConfigurationPlatforms) = postSolution
		{81453329-C90F-9A24-7F2D-F5672BB88B87}.Debug|Any CPU.ActiveCfg = Debug|Any CPU
		{81453329-C90F-9A24-7F2D-F5672BB88B87}.Debug|Any CPU.Build.0 = Debug|Any CPU
		{81453329-C90F-9A24-7F2D-F5672BB88B87}.Release|Any CPU.ActiveCfg = Release|Any CPU
		{81453329-C90F-9A24-7F2D-F5672BB88B87}.Release|Any CPU.Build.0 = Release|Any CPU
	EndGlobalSection
	GlobalSection(SolutionProperties) = preSolution
		HideSolutionNode = FALSE
	EndGlobalSection
	GlobalSection(ExtensibilityGlobals) = postSolution
		SolutionGuid = {E3387960-59DA-4AB9-93B3-C2D90B485055}
	EndGlobalSection
EndGlobal
